
Microsoft Visual Studio Solution File, Format Version 12.00
# Visual Studio Version 17
VisualStudioVersion = 17.0.32112.339
MinimumVisualStudioVersion = 10.0.40219.1
Project("{9A19103F-16F7-4668-BE54-9A1E7A4F7556}") = "Guestline.HotelManagement.Application", "src\Guestline.HotelManagement.Application\Guestline.HotelManagement.Application.csproj", "{B7BCC3C6-6718-4C60-902F-266C4D54E849}"
EndProject
Project("{9A19103F-16F7-4668-BE54-9A1E7A4F7556}") = "Guestline.HotelManagement.Infrastucture", "src\Guestline.HotelManagement.Infrastucture\Guestline.HotelManagement.Infrastucture.csproj", "{B74219D0-4CE5-4DFA-8545-251EF5985983}"
EndProject
Project("{FAE04EC0-301F-11D3-BF4B-00C04F79EFBC}") = "Guestline.HotelManagement.Domain", "src\Guestline.HotelManagement.Domain\Guestline.HotelManagement.Domain.csproj", "{13CAB3BF-AE85-464C-B427-669F61FA324E}"
EndProject
Project("{FAE04EC0-301F-11D3-BF4B-00C04F79EFBC}") = "Guestline.HotelManagement.Console", "src\Guestline.HotelManagement.Console\Guestline.HotelManagement.Console.csproj", "{563A1F59-9C8D-45E0-8F79-21E74BB5DE4A}"
EndProject
Global
	GlobalSection(SolutionConfigurationPlatforms) = preSolution
		Debug|Any CPU = Debug|Any CPU
		Release|Any CPU = Release|Any CPU
	EndGlobalSection
	GlobalSection(ProjectConfigurationPlatforms) = postSolution
		{B7BCC3C6-6718-4C60-902F-266C4D54E849}.Debug|Any CPU.ActiveCfg = Debug|Any CPU
		{B7BCC3C6-6718-4C60-902F-266C4D54E849}.Debug|Any CPU.Build.0 = Debug|Any CPU
		{B7BCC3C6-6718-4C60-902F-266C4D54E849}.Release|Any CPU.ActiveCfg = Release|Any CPU
		{B7BCC3C6-6718-4C60-902F-266C4D54E849}.Release|Any CPU.Build.0 = Release|Any CPU
		{B74219D0-4CE5-4DFA-8545-251EF5985983}.Debug|Any CPU.ActiveCfg = Debug|Any CPU
		{B74219D0-4CE5-4DFA-8545-251EF5985983}.Debug|Any CPU.Build.0 = Debug|Any CPU
		{B74219D0-4CE5-4DFA-8545-251EF5985983}.Release|Any CPU.ActiveCfg = Release|Any CPU
		{B74219D0-4CE5-4DFA-8545-251EF5985983}.Release|Any CPU.Build.0 = Release|Any CPU
		{13CAB3BF-AE85-464C-B427-669F61FA324E}.Debug|Any CPU.ActiveCfg = Debug|Any CPU
		{13CAB3BF-AE85-464C-B427-669F61FA324E}.Debug|Any CPU.Build.0 = Debug|Any CPU
		{13CAB3BF-AE85-464C-B427-669F61FA324E}.Release|Any CPU.ActiveCfg = Release|Any CPU
		{13CAB3BF-AE85-464C-B427-669F61FA324E}.Release|Any CPU.Build.0 = Release|Any CPU
		{563A1F59-9C8D-45E0-8F79-21E74BB5DE4A}.Debug|Any CPU.ActiveCfg = Debug|Any CPU
		{563A1F59-9C8D-45E0-8F79-21E74BB5DE4A}.Debug|Any CPU.Build.0 = Debug|Any CPU
		{563A1F59-9C8D-45E0-8F79-21E74BB5DE4A}.Release|Any CPU.ActiveCfg = Release|Any CPU
		{563A1F59-9C8D-45E0-8F79-21E74BB5DE4A}.Release|Any CPU.Build.0 = Release|Any CPU
	EndGlobalSection
	GlobalSection(SolutionProperties) = preSolution
		HideSolutionNode = FALSE
	EndGlobalSection
	GlobalSection(ExtensibilityGlobals) = postSolution
		SolutionGuid = {D4A88732-22B3-4F63-90EF-5D2714B08148}
	EndGlobalSection
EndGlobal
